// !$*UTF8*$!
{
	archiveVersion = 1;
	classes = {
	};
	objectVersion = 77;
	objects = {

/* Begin PBXContainerItemProxy section */
		188B4C6F2E5702A300066D11 /* PBXContainerItemProxy */ = {
			isa = PBXContainerItemProxy;
			containerPortal = 188B4C592E5702A100066D11 /* Project object */;
			proxyType = 1;
			remoteGlobalIDString = 188B4C602E5702A100066D11;
			remoteInfo = MyMovie;
		};
		188B4C792E5702A300066D11 /* PBXContainerItemProxy */ = {
			isa = PBXContainerItemProxy;
			containerPortal = 188B4C592E5702A100066D11 /* Project object */;
			proxyType = 1;
			remoteGlobalIDString = 188B4C602E5702A100066D11;
			remoteInfo = MyMovie;
		};
/* End PBXContainerItemProxy section */

/* Begin PBXFileReference section */
		188B4C612E5702A100066D11 /* MyMovie.app */ = {isa = PBXFileReference; explicitFileType = wrapper.application; includeInIndex = 0; path = MyMovie.app; sourceTree = BUILT_PRODUCTS_DIR; };
		188B4C6E2E5702A300066D11 /* MyMovieTests.xctest */ = {isa = PBXFileReference; explicitFileType = wrapper.cfbundle; includeInIndex = 0; path = MyMovieTests.xctest; sourceTree = BUILT_PRODUCTS_DIR; };
		188B4C782E5702A300066D11 /* MyMovieUITests.xctest */ = {isa = PBXFileReference; explicitFileType = wrapper.cfbundle; includeInIndex = 0; path = MyMovieUITests.xctest; sourceTree = BUILT_PRODUCTS_DIR; };
/* End PBXFileReference section */

/* Begin PBXFileSystemSynchronizedBuildFileExceptionSet section */
		188B4CDE2E572ADC00066D11 /* Exceptions for "MyMovieTests" folder in "MyMovie" target */ = {
			isa = PBXFileSystemSynchronizedBuildFileExceptionSet;
			membershipExceptions = (
				MockMovieService.swift,
				MockMovieViewModel.swift,
			);
			target = 188B4C602E5702A100066D11 /* MyMovie */;
		};
		188B4CDF2E572ADC00066D11 /* Exceptions for "MyMovieTests" folder in "MyMovieTests" target */ = {
			isa = PBXFileSystemSynchronizedBuildFileExceptionSet;
			membershipExceptions = (
				MockMovieService.swift,
				MockMovieViewModel.swift,
			);
			target = 188B4C6D2E5702A300066D11 /* MyMovieTests */;
		};
/* End PBXFileSystemSynchronizedBuildFileExceptionSet section */

/* Begin PBXFileSystemSynchronizedRootGroup section */
		188B4C632E5702A100066D11 /* MyMovie */ = {
			isa = PBXFileSystemSynchronizedRootGroup;
			path = MyMovie;
			sourceTree = "<group>";
		};
		188B4C712E5702A300066D11 /* MyMovieTests */ = {
			isa = PBXFileSystemSynchronizedRootGroup;
			exceptions = (
				188B4CDE2E572ADC00066D11 /* Exceptions for "MyMovieTests" folder in "MyMovie" target */,
				188B4CDF2E572ADC00066D11 /* Exceptions for "MyMovieTests" folder in "MyMovieTests" target */,
			);
			path = MyMovieTests;
			sourceTree = "<group>";
		};
		188B4C7B2E5702A300066D11 /* MyMovieUITests */ = {
			isa = PBXFileSystemSynchronizedRootGroup;
			path = MyMovieUITests;
			sourceTree = "<group>";
		};
/* End PBXFileSystemSynchronizedRootGroup section */

/* Begin PBXFrameworksBuildPhase section */
		188B4C5E2E5702A100066D11 /* Frameworks */ = {
			isa = PBXFrameworksBuildPhase;
			buildActionMask = 2147483647;
			files = (
			);
			runOnlyForDeploymentPostprocessing = 0;
		};
		188B4C6B2E5702A300066D11 /* Frameworks */ = {
			isa = PBXFrameworksBuildPhase;
			buildActionMask = 2147483647;
			files = (
			);
			runOnlyForDeploymentPostprocessing = 0;
		};
		188B4C752E5702A300066D11 /* Frameworks */ = {
			isa = PBXFrameworksBuildPhase;
			buildActionMask = 2147483647;
			files = (
			);
			runOnlyForDeploymentPostprocessing = 0;
		};
/* End PBXFrameworksBuildPhase section */

/* Begin PBXGroup section */
		188B4C582E5702A100066D11 = {
			isa = PBXGroup;
			children = (
				188B4C632E5702A100066D11 /* MyMovie */,
				188B4C712E5702A300066D11 /* MyMovieTests */,
				188B4C7B2E5702A300066D11 /* MyMovieUITests */,
				188B4C622E5702A100066D11 /* Products */,
			);
			sourceTree = "<group>";
		};
		188B4C622E5702A100066D11 /* Products */ = {
			isa = PBXGroup;
			children = (
				188B4C612E5702A100066D11 /* MyMovie.app */,
				188B4C6E2E5702A300066D11 /* MyMovieTests.xctest */,
				188B4C782E5702A300066D11 /* MyMovieUITests.xctest */,
			);
			name = Products;
			sourceTree = "<group>";
		};
/* End PBXGroup section */

/* Begin PBXNativeTarget section */
		188B4C602E5702A100066D11 /* MyMovie */ = {
			isa = PBXNativeTarget;
			buildConfigurationList = 188B4C822E5702A300066D11 /* Build configuration list for PBXNativeTarget "MyMovie" */;
			buildPhases = (
				188B4C5D2E5702A100066D11 /* Sources */,
				188B4C5E2E5702A100066D11 /* Frameworks */,
				188B4C5F2E5702A100066D11 /* Resources */,
			);
			buildRules = (
			);
			dependencies = (
			);
			fileSystemSynchronizedGroups = (
				188B4C632E5702A100066D11 /* MyMovie */,
			);
			name = MyMovie;
			packageProductDependencies = (
			);
			productName = MyMovie;
			productReference = 188B4C612E5702A100066D11 /* MyMovie.app */;
			productType = "com.apple.product-type.application";
		};
		188B4C6D2E5702A300066D11 /* MyMovieTests */ = {
			isa = PBXNativeTarget;
			buildConfigurationList = 188B4C852E5702A300066D11 /* Build configuration list for PBXNativeTarget "MyMovieTests" */;
			buildPhases = (
				188B4C6A2E5702A300066D11 /* Sources */,
				188B4C6B2E5702A300066D11 /* Frameworks */,
				188B4C6C2E5702A300066D11 /* Resources */,
			);
			buildRules = (
			);
			dependencies = (
				188B4C702E5702A300066D11 /* PBXTargetDependency */,
			);
			fileSystemSynchronizedGroups = (
				188B4C712E5702A300066D11 /* MyMovieTests */,
			);
			name = MyMovieTests;
			packageProductDependencies = (
			);
			productName = MyMovieTests;
			productReference = 188B4C6E2E5702A300066D11 /* MyMovieTests.xctest */;
			productType = "com.apple.product-type.bundle.unit-test";
		};
		188B4C772E5702A300066D11 /* MyMovieUITests */ = {
			isa = PBXNativeTarget;
			buildConfigurationList = 188B4C882E5702A300066D11 /* Build configuration list for PBXNativeTarget "MyMovieUITests" */;
			buildPhases = (
				188B4C742E5702A300066D11 /* Sources */,
				188B4C752E5702A300066D11 /* Frameworks */,
				188B4C762E5702A300066D11 /* Resources */,
			);
			buildRules = (
			);
			dependencies = (
				188B4C7A2E5702A300066D11 /* PBXTargetDependency */,
			);
			fileSystemSynchronizedGroups = (
				188B4C7B2E5702A300066D11 /* MyMovieUITests */,
			);
			name = MyMovieUITests;
			packageProductDependencies = (
			);
			productName = MyMovieUITests;
			productReference = 188B4C782E5702A300066D11 /* MyMovieUITests.xctest */;
			productType = "com.apple.product-type.bundle.ui-testing";
		};
/* End PBXNativeTarget section */

/* Begin PBXProject section */
		188B4C592E5702A100066D11 /* Project object */ = {
			isa = PBXProject;
			attributes = {
				BuildIndependentTargetsInParallel = 1;
				LastSwiftUpdateCheck = 1640;
				LastUpgradeCheck = 1640;
				TargetAttributes = {
					188B4C602E5702A100066D11 = {
						CreatedOnToolsVersion = 16.4;
					};
					188B4C6D2E5702A300066D11 = {
						CreatedOnToolsVersion = 16.4;
						TestTargetID = 188B4C602E5702A100066D11;
					};
					188B4C772E5702A300066D11 = {
						CreatedOnToolsVersion = 16.4;
						TestTargetID = 188B4C602E5702A100066D11;
					};
				};
			};
			buildConfigurationList = 188B4C5C2E5702A100066D11 /* Build configuration list for PBXProject "MyMovie" */;
			developmentRegion = en;
			hasScannedForEncodings = 0;
			knownRegions = (
				en,
				Base,
			);
			mainGroup = 188B4C582E5702A100066D11;
			minimizedProjectReferenceProxies = 1;
			preferredProjectObjectVersion = 77;
			productRefGroup = 188B4C622E5702A100066D11 /* Products */;
			projectDirPath = "";
			projectRoot = "";
			targets = (
				188B4C602E5702A100066D11 /* MyMovie */,
				188B4C6D2E5702A300066D11 /* MyMovieTests */,
				188B4C772E5702A300066D11 /* MyMovieUITests */,
			);
		};
/* End PBXProject section */

/* Begin PBXResourcesBuildPhase section */
		188B4C5F2E5702A100066D11 /* Resources */ = {
			isa = PBXResourcesBuildPhase;
			buildActionMask = 2147483647;
			files = (
			);
			runOnlyForDeploymentPostprocessing = 0;
		};
		188B4C6C2E5702A300066D11 /* Resources */ = {
			isa = PBXResourcesBuildPhase;
			buildActionMask = 2147483647;
			files = (
			);
			runOnlyForDeploymentPostprocessing = 0;
		};
		188B4C762E5702A300066D11 /* Resources */ = {
			isa = PBXResourcesBuildPhase;
			buildActionMask = 2147483647;
			files = (
			);
			runOnlyForDeploymentPostprocessing = 0;
		};
/* End PBXResourcesBuildPhase section */

/* Begin PBXSourcesBuildPhase section */
		188B4C5D2E5702A100066D11 /* Sources */ = {
			isa = PBXSourcesBuildPhase;
			buildActionMask = 2147483647;
			files = (
			);
			runOnlyForDeploymentPostprocessing = 0;
		};
		188B4C6A2E5702A300066D11 /* Sources */ = {
			isa = PBXSourcesBuildPhase;
			buildActionMask = 2147483647;
			files = (
			);
			runOnlyForDeploymentPostprocessing = 0;
		};
		188B4C742E5702A300066D11 /* Sources */ = {
			isa = PBXSourcesBuildPhase;
			buildActionMask = 2147483647;
			files = (
			);
			runOnlyForDeploymentPostprocessing = 0;
		};
/* End PBXSourcesBuildPhase section */

/* Begin PBXTargetDependency section */
		188B4C702E5702A300066D11 /* PBXTargetDependency */ = {
			isa = PBXTargetDependency;
			target = 188B4C602E5702A100066D11 /* MyMovie */;
			targetProxy = 188B4C6F2E5702A300066D11 /* PBXContainerItemProxy */;
		};
		188B4C7A2E5702A300066D11 /* PBXTargetDependency */ = {
			isa = PBXTargetDependency;
			target = 188B4C602E5702A100066D11 /* MyMovie */;
			targetProxy = 188B4C792E5702A300066D11 /* PBXContainerItemProxy */;
		};
/* End PBXTargetDependency section */

/* Begin XCBuildConfiguration section */
		188B4C802E5702A300066D11 /* Debug */ = {
			isa = XCBuildConfiguration;
			buildSettings = {
				ALWAYS_SEARCH_USER_PATHS = NO;
				ASSETCATALOG_COMPILER_GENERATE_SWIFT_ASSET_SYMBOL_EXTENSIONS = YES;
				CLANG_ANALYZER_NONNULL = YES;
				CLANG_ANALYZER_NUMBER_OBJECT_CONVERSION = YES_AGGRESSIVE;
				CLANG_CXX_LANGUAGE_STANDARD = "gnu++20";
				CLANG_ENABLE_MODULES = YES;
				CLANG_ENABLE_OBJC_ARC = YES;
				CLANG_ENABLE_OBJC_WEAK = YES;
				CLANG_WARN_BLOCK_CAPTURE_AUTORELEASING = YES;
				CLANG_WARN_BOOL_CONVERSION = YES;
				CLANG_WARN_COMMA = YES;
				CLANG_WARN_CONSTANT_CONVERSION = YES;
				CLANG_WARN_DEPRECATED_OBJC_IMPLEMENTATIONS = YES;
				CLANG_WARN_DIRECT_OBJC_ISA_USAGE = YES_ERROR;
				CLANG_WARN_DOCUMENTATION_COMMENTS = YES;
				CLANG_WARN_EMPTY_BODY = YES;
				CLANG_WARN_ENUM_CONVERSION = YES;
				CLANG_WARN_INFINITE_RECURSION = YES;
				CLANG_WARN_INT_CONVERSION = YES;
				CLANG_WARN_NON_LITERAL_NULL_CONVERSION = YES;
				CLANG_WARN_OBJC_IMPLICIT_RETAIN_SELF = YES;
				CLANG_WARN_OBJC_LITERAL_CONVERSION = YES;
				CLANG_WARN_OBJC_ROOT_CLASS = YES_ERROR;
				CLANG_WARN_QUOTED_INCLUDE_IN_FRAMEWORK_HEADER = YES;
				CLANG_WARN_RANGE_LOOP_ANALYSIS = YES;
				CLANG_WARN_STRICT_PROTOTYPES = YES;
				CLANG_WARN_SUSPICIOUS_MOVE = YES;
				CLANG_WARN_UNGUARDED_AVAILABILITY = YES_AGGRESSIVE;
				CLANG_WARN_UNREACHABLE_CODE = YES;
				CLANG_WARN__DUPLICATE_METHOD_MATCH = YES;
				COPY_PHASE_STRIP = NO;
				DEBUG_INFORMATION_FORMAT = dwarf;
				DEVELOPMENT_TEAM = JBT34FYUVF;
				ENABLE_STRICT_OBJC_MSGSEND = YES;
				ENABLE_TESTABILITY = YES;
				ENABLE_USER_SCRIPT_SANDBOXING = YES;
				GCC_C_LANGUAGE_STANDARD = gnu17;
				GCC_DYNAMIC_NO_PIC = NO;
				GCC_NO_COMMON_BLOCKS = YES;
				GCC_OPTIMIZATION_LEVEL = 0;
				GCC_PREPROCESSOR_DEFINITIONS = (
					"DEBUG=1",
					"$(inherited)",
				);
				GCC_WARN_64_TO_32_BIT_CONVERSION = YES;
				GCC_WARN_ABOUT_RETURN_TYPE = YES_ERROR;
				GCC_WARN_UNDECLARED_SELECTOR = YES;
				GCC_WARN_UNINITIALIZED_AUTOS = YES_AGGRESSIVE;
				GCC_WARN_UNUSED_FUNCTION = YES;
				GCC_WARN_UNUSED_VARIABLE = YES;
				IPHONEOS_DEPLOYMENT_TARGET = 18.5;
				LOCALIZATION_PREFERS_STRING_CATALOGS = YES;
				MTL_ENABLE_DEBUG_INFO = INCLUDE_SOURCE;
				MTL_FAST_MATH = YES;
				ONLY_ACTIVE_ARCH = YES;
				SDKROOT = iphoneos;
				SWIFT_ACTIVE_COMPILATION_CONDITIONS = "DEBUG $(inherited)";
				SWIFT_OPTIMIZATION_LEVEL = "-Onone";
			};
			name = Debug;
		};
		188B4C812E5702A300066D11 /* Release */ = {
			isa = XCBuildConfiguration;
			buildSettings = {
				ALWAYS_SEARCH_USER_PATHS = NO;
				ASSETCATALOG_COMPILER_GENERATE_SWIFT_ASSET_SYMBOL_EXTENSIONS = YES;
				CLANG_ANALYZER_NONNULL = YES;
				CLANG_ANALYZER_NUMBER_OBJECT_CONVERSION = YES_AGGRESSIVE;
				CLANG_CXX_LANGUAGE_STANDARD = "gnu++20";
				CLANG_ENABLE_MODULES = YES;
				CLANG_ENABLE_OBJC_ARC = YES;
				CLANG_ENABLE_OBJC_WEAK = YES;
				CLANG_WARN_BLOCK_CAPTURE_AUTORELEASING = YES;
				CLANG_WARN_BOOL_CONVERSION = YES;
				CLANG_WARN_COMMA = YES;
				CLANG_WARN_CONSTANT_CONVERSION = YES;
				CLANG_WARN_DEPRECATED_OBJC_IMPLEMENTATIONS = YES;
				CLANG_WARN_DIRECT_OBJC_ISA_USAGE = YES_ERROR;
				CLANG_WARN_DOCUMENTATION_COMMENTS = YES;
				CLANG_WARN_EMPTY_BODY = YES;
				CLANG_WARN_ENUM_CONVERSION = YES;
				CLANG_WARN_INFINITE_RECURSION = YES;
				CLANG_WARN_INT_CONVERSION = YES;
				CLANG_WARN_NON_LITERAL_NULL_CONVERSION = YES;
				CLANG_WARN_OBJC_IMPLICIT_RETAIN_SELF = YES;
				CLANG_WARN_OBJC_LITERAL_CONVERSION = YES;
				CLANG_WARN_OBJC_ROOT_CLASS = YES_ERROR;
				CLANG_WARN_QUOTED_INCLUDE_IN_FRAMEWORK_HEADER = YES;
				CLANG_WARN_RANGE_LOOP_ANALYSIS = YES;
				CLANG_WARN_STRICT_PROTOTYPES = YES;
				CLANG_WARN_SUSPICIOUS_MOVE = YES;
				CLANG_WARN_UNGUARDED_AVAILABILITY = YES_AGGRESSIVE;
				CLANG_WARN_UNREACHABLE_CODE = YES;
				CLANG_WARN__DUPLICATE_METHOD_MATCH = YES;
				COPY_PHASE_STRIP = NO;
				DEBUG_INFORMATION_FORMAT = "dwarf-with-dsym";
				DEVELOPMENT_TEAM = JBT34FYUVF;
				ENABLE_NS_ASSERTIONS = NO;
				ENABLE_STRICT_OBJC_MSGSEND = YES;
				ENABLE_USER_SCRIPT_SANDBOXING = YES;
				GCC_C_LANGUAGE_STANDARD = gnu17;
				GCC_NO_COMMON_BLOCKS = YES;
				GCC_WARN_64_TO_32_BIT_CONVERSION = YES;
				GCC_WARN_ABOUT_RETURN_TYPE = YES_ERROR;
				GCC_WARN_UNDECLARED_SELECTOR = YES;
				GCC_WARN_UNINITIALIZED_AUTOS = YES_AGGRESSIVE;
				GCC_WARN_UNUSED_FUNCTION = YES;
				GCC_WARN_UNUSED_VARIABLE = YES;
				IPHONEOS_DEPLOYMENT_TARGET = 18.5;
				LOCALIZATION_PREFERS_STRING_CATALOGS = YES;
				MTL_ENABLE_DEBUG_INFO = NO;
				MTL_FAST_MATH = YES;
				SDKROOT = iphoneos;
				SWIFT_COMPILATION_MODE = wholemodule;
				VALIDATE_PRODUCT = YES;
			};
			name = Release;
		};
		188B4C832E5702A300066D11 /* Debug */ = {
			isa = XCBuildConfiguration;
			buildSettings = {
				ASSETCATALOG_COMPILER_APPICON_NAME = AppIcon;
				ASSETCATALOG_COMPILER_GLOBAL_ACCENT_COLOR_NAME = AccentColor;
				CODE_SIGN_STYLE = Automatic;
				CURRENT_PROJECT_VERSION = 1;
				DEVELOPMENT_TEAM = JBT34FYUVF;
				ENABLE_PREVIEWS = YES;
				GENERATE_INFOPLIST_FILE = YES;
				INFOPLIST_KEY_UIApplicationSceneManifest_Generation = YES;
				INFOPLIST_KEY_UIApplicationSupportsIndirectInputEvents = YES;
				INFOPLIST_KEY_UILaunchScreen_Generation = YES;
				INFOPLIST_KEY_UISupportedInterfaceOrientations_iPad = "UIInterfaceOrientationPortrait UIInterfaceOrientationPortraitUpsideDown UIInterfaceOrientationLandscapeLeft UIInterfaceOrientationLandscapeRight";
				INFOPLIST_KEY_UISupportedInterfaceOrientations_iPhone = "UIInterfaceOrientationPortrait UIInterfaceOrientationLandscapeLeft UIInterfaceOrientationLandscapeRight";
				LD_RUNPATH_SEARCH_PATHS = (
					"$(inherited)",
					"@executable_path/Frameworks",
				);
				MARKETING_VERSION = 1.0;
				PRODUCT_BUNDLE_IDENTIFIER = rajesh.MyMovie;
				PRODUCT_NAME = "$(TARGET_NAME)";
				SWIFT_EMIT_LOC_STRINGS = YES;
				SWIFT_VERSION = 5.0;
				TARGETED_DEVICE_FAMILY = "1,2";
			};
			name = Debug;
		};
		188B4C842E5702A300066D11 /* Release */ = {
			isa = XCBuildConfiguration;
			buildSettings = {
				ASSETCATALOG_COMPILER_APPICON_NAME = AppIcon;
				ASSETCATALOG_COMPILER_GLOBAL_ACCENT_COLOR_NAME = AccentColor;
				CODE_SIGN_STYLE = Automatic;
				CURRENT_PROJECT_VERSION = 1;
				DEVELOPMENT_TEAM = JBT34FYUVF;
				ENABLE_PREVIEWS = YES;
				GENERATE_INFOPLIST_FILE = YES;
				INFOPLIST_KEY_UIApplicationSceneManifest_Generation = YES;
				INFOPLIST_KEY_UIApplicationSupportsIndirectInputEvents = YES;
				INFOPLIST_KEY_UILaunchScreen_Generation = YES;
				INFOPLIST_KEY_UISupportedInterfaceOrientations_iPad = "UIInterfaceOrientationPortrait UIInterfaceOrientationPortraitUpsideDown UIInterfaceOrientationLandscapeLeft UIInterfaceOrientationLandscapeRight";
				INFOPLIST_KEY_UISupportedInterfaceOrientations_iPhone = "UIInterfaceOrientationPortrait UIInterfaceOrientationLandscapeLeft UIInterfaceOrientationLandscapeRight";
				LD_RUNPATH_SEARCH_PATHS = (
					"$(inherited)",
					"@executable_path/Frameworks",
				);
				MARKETING_VERSION = 1.0;
				PRODUCT_BUNDLE_IDENTIFIER = rajesh.MyMovie;
				PRODUCT_NAME = "$(TARGET_NAME)";
				SWIFT_EMIT_LOC_STRINGS = YES;
				SWIFT_VERSION = 5.0;
				TARGETED_DEVICE_FAMILY = "1,2";
			};
			name = Release;
		};
		188B4C862E5702A300066D11 /* Debug */ = {
			isa = XCBuildConfiguration;
			buildSettings = {
				BUNDLE_LOADER = "$(TEST_HOST)";
				CODE_SIGN_STYLE = Automatic;
				CURRENT_PROJECT_VERSION = 1;
				DEVELOPMENT_TEAM = JBT34FYUVF;
				GENERATE_INFOPLIST_FILE = YES;
				IPHONEOS_DEPLOYMENT_TARGET = 18.5;
				MARKETING_VERSION = 1.0;
				PRODUCT_BUNDLE_IDENTIFIER = rajesh.MyMovieTests;
				PRODUCT_NAME = "$(TARGET_NAME)";
				SWIFT_EMIT_LOC_STRINGS = NO;
				SWIFT_VERSION = 5.0;
				TARGETED_DEVICE_FAMILY = "1,2";
				TEST_HOST = "$(BUILT_PRODUCTS_DIR)/MyMovie.app/$(BUNDLE_EXECUTABLE_FOLDER_PATH)/MyMovie";
			};
			name = Debug;
		};
		188B4C872E5702A300066D11 /* Release */ = {
			isa = XCBuildConfiguration;
			buildSettings = {
				BUNDLE_LOADER = "$(TEST_HOST)";
				CODE_SIGN_STYLE = Automatic;
				CURRENT_PROJECT_VERSION = 1;
				DEVELOPMENT_TEAM = JBT34FYUVF;
				GENERATE_INFOPLIST_FILE = YES;
				IPHONEOS_DEPLOYMENT_TARGET = 18.5;
				MARKETING_VERSION = 1.0;
				PRODUCT_BUNDLE_IDENTIFIER = rajesh.MyMovieTests;
				PRODUCT_NAME = "$(TARGET_NAME)";
				SWIFT_EMIT_LOC_STRINGS = NO;
				SWIFT_VERSION = 5.0;
				TARGETED_DEVICE_FAMILY = "1,2";
				TEST_HOST = "$(BUILT_PRODUCTS_DIR)/MyMovie.app/$(BUNDLE_EXECUTABLE_FOLDER_PATH)/MyMovie";
			};
			name = Release;
		};
		188B4C892E5702A300066D11 /* Debug */ = {
			isa = XCBuildConfiguration;
			buildSettings = {
				CODE_SIGN_STYLE = Automatic;
				CURRENT_PROJECT_VERSION = 1;
				DEVELOPMENT_TEAM = JBT34FYUVF;
				GENERATE_INFOPLIST_FILE = YES;
				MARKETING_VERSION = 1.0;
				PRODUCT_BUNDLE_IDENTIFIER = rajesh.MyMovieUITests;
				PRODUCT_NAME = "$(TARGET_NAME)";
				SWIFT_EMIT_LOC_STRINGS = NO;
				SWIFT_VERSION = 5.0;
				TARGETED_DEVICE_FAMILY = "1,2";
				TEST_TARGET_NAME = MyMovie;
			};
			name = Debug;
		};
		188B4C8A2E5702A300066D11 /* Release */ = {
			isa = XCBuildConfiguration;
			buildSettings = {
				CODE_SIGN_STYLE = Automatic;
				CURRENT_PROJECT_VERSION = 1;
				DEVELOPMENT_TEAM = JBT34FYUVF;
				GENERATE_INFOPLIST_FILE = YES;
				MARKETING_VERSION = 1.0;
				PRODUCT_BUNDLE_IDENTIFIER = rajesh.MyMovieUITests;
				PRODUCT_NAME = "$(TARGET_NAME)";
				SWIFT_EMIT_LOC_STRINGS = NO;
				SWIFT_VERSION = 5.0;
				TARGETED_DEVICE_FAMILY = "1,2";
				TEST_TARGET_NAME = MyMovie;
			};
			name = Release;
		};
/* End XCBuildConfiguration section */

/* Begin XCConfigurationList section */
		188B4C5C2E5702A100066D11 /* Build configuration list for PBXProject "MyMovie" */ = {
			isa = XCConfigurationList;
			buildConfigurations = (
				188B4C802E5702A300066D11 /* Debug */,
				188B4C812E5702A300066D11 /* Release */,
			);
			defaultConfigurationIsVisible = 0;
			defaultConfigurationName = Release;
		};
		188B4C822E5702A300066D11 /* Build configuration list for PBXNativeTarget "MyMovie" */ = {
			isa = XCConfigurationList;
			buildConfigurations = (
				188B4C832E5702A300066D11 /* Debug */,
				188B4C842E5702A300066D11 /* Release */,
			);
			defaultConfigurationIsVisible = 0;
			defaultConfigurationName = Release;
		};
		188B4C852E5702A300066D11 /* Build configuration list for PBXNativeTarget "MyMovieTests" */ = {
			isa = XCConfigurationList;
			buildConfigurations = (
				188B4C862E5702A300066D11 /* Debug */,
				188B4C872E5702A300066D11 /* Release */,
			);
			defaultConfigurationIsVisible = 0;
			defaultConfigurationName = Release;
		};
		188B4C882E5702A300066D11 /* Build configuration list for PBXNativeTarget "MyMovieUITests" */ = {
			isa = XCConfigurationList;
			buildConfigurations = (
				188B4C892E5702A300066D11 /* Debug */,
				188B4C8A2E5702A300066D11 /* Release */,
			);
			defaultConfigurationIsVisible = 0;
			defaultConfigurationName = Release;
		};
/* End XCConfigurationList section */
	};
	rootObject = 188B4C592E5702A100066D11 /* Project object */;
}
